
Microsoft Visual Studio Solution File, Format Version 12.00
# Visual Studio Version 16
VisualStudioVersion = 16.0.31702.278
MinimumVisualStudioVersion = 10.0.40219.1
Project("{FAE04EC0-301F-11D3-BF4B-00C04F79EFBC}") = "mvc", "mvc\mvc.csproj", "{0E9BDD6F-0777-4545-B2C9-DBB1A15D0E2E}"
EndProject
Global
	GlobalSection(SolutionConfigurationPlatforms) = preSolution
		Debug|Any CPU = Debug|Any CPU
		Release|Any CPU = Release|Any CPU
	EndGlobalSection
	GlobalSection(ProjectConfigurationPlatforms) = postSolution
		{0E9BDD6F-0777-4545-B2C9-DBB1A15D0E2E}.Debug|Any CPU.ActiveCfg = Debug|Any CPU
		{0E9BDD6F-0777-4545-B2C9-DBB1A15D0E2E}.Debug|Any CPU.Build.0 = Debug|Any CPU
		{0E9BDD6F-0777-4545-B2C9-DBB1A15D0E2E}.Release|Any CPU.ActiveCfg = Release|Any CPU
		{0E9BDD6F-0777-4545-B2C9-DBB1A15D0E2E}.Release|Any CPU.Build.0 = Release|Any CPU
	EndGlobalSection
	GlobalSection(SolutionProperties) = preSolution
		HideSolutionNode = FALSE
	EndGlobalSection
	GlobalSection(ExtensibilityGlobals) = postSolution
		SolutionGuid = {534336AD-81BD-4697-960C-EF5FBD270624}
	EndGlobalSection
EndGlobal
